NeoBundleLock YouCompleteMe e018777b38eedaa23b96cfee40382d000e464e31
NeoBundleLock ctrlp.vim 43cc73b8e7d4ab45f17118573eb81fd45704b989
NeoBundleLock delimitmate 728b57a6564c1d2bdfb9b9e0f2f8c5ba3d7e0c5c
NeoBundleLock emmet-vim 63c98d801b2123cc0e88f622644770ca7d89e791
NeoBundleLock indentLine 4e4964d148f552bdec8c4271ed94d77eaa6c7543
NeoBundleLock neobundle.vim 1306c131ff0a6cc094b7ff0727350e442b5427f1
NeoBundleLock neocomplete.vim 4be617947f3fcf2d725fab20b0e12f8b46c9e2f3
NeoBundleLock nerdcommenter fdf950f20b3907c6a6fa0bc5c7ac0aeb567841dd
NeoBundleLock nerdtree 808f5b225b090bb4a94a2c47bb08d1bc1f7f8a4e
NeoBundleLock syntastic 0295d8241db23e24b120e0360a899cb375793a1e
NeoBundleLock tabline.vim 69c9698a3240860adaba93615f44778a9ab724b4
NeoBundleLock tsuquyomi 05e6515f6d21545959ac4eb570c917e1d225b1f1
NeoBundleLock typescript-vim db131b8cd42973ed26928e9e445c1a745a98cff8
NeoBundleLock ultisnips 6fdc3647f72e0a1f321ea6bd092ecd01f7c187ba
NeoBundleLock vcoolor.vim a423ada66a3af4fcbbc6cae1f41e3fac05c76a6f
NeoBundleLock vim-airline c7fb175d3565159699885653767214a6aa583ea4
NeoBundleLock vim-airline-themes 6e798f9030d0853d484078043ddbb41e611ab7a6
NeoBundleLock vim-autoformat b8173cde8692360fb9ec6817ef2bd8133106e514
NeoBundleLock vim-better-whitespace 70a38fa9683e8cd0635264dd1b69c6ccbee4e3e7
NeoBundleLock vim-colorschemes eab315701f4627967fd62582eefc4e37a3745786
NeoBundleLock vim-commentary 141d9d32a9fb58fe474fcc89cd7221eb2dd57b3a
NeoBundleLock vim-easy-align 1cd724dc239c3a0f7a12e0fac85945cc3dbe07b0
NeoBundleLock vim-fugitive 0fe09643855724a5dd9ef801fea7598af1811a91
NeoBundleLock vim-gitgutter 50a7062909d91a290fae04219887b1b45f3138db
NeoBundleLock vim-indent-guides 54d889a63716ee2f1818aa2ec5082db47147147b
NeoBundleLock vim-instant-markdown 5f592bdb0288710205176f189c3203fd40a6ee2e
NeoBundleLock vim-javascript dd84369d731bcb8feee0901cbb9b63a2b219bf28
NeoBundleLock vim-jsbeautify 5c0be859fbe151d888a64faff7fd50a7dc960eac
NeoBundleLock vim-jsx ffc0bfd9da15d0fce02d117b843f718160f7ad27
NeoBundleLock vim-multiple-cursors dd9289af03abafa76b28c503e20747ff7d7d89e5
NeoBundleLock vim-mustache-handlebars 065b0be69415ed7f7bdd8b46a80f07f73b1f6cfa
NeoBundleLock vim-nerdtree-tabs 5fc6c6857028a07e8fe50f0adef28fb20218776b
NeoBundleLock vim-numbertoggle cfaecb9e22b45373bb4940010ce63a89073f6d8b
NeoBundleLock vim-snippets fbd78a8ae44e864361f3c50e9d3374c26baad7ec
NeoBundleLock vim-surround 597068870b8f093a8b2d11536c62ff31222ee8d0
NeoBundleLock vim-tmux-navigator 18b775fbccde5ff02e516c014290650bb40e257d
NeoBundleLock vim-trailing-whitespace 4c596548216b7c19971f8fc94e38ef1a2b55fee6
NeoBundleLock yajs.vim 5cf2b9ef25eb5bb0a5116e902c17615937150f17
